
Microsoft Visual Studio Solution File, Format Version 12.00
# Visual Studio 15
VisualStudioVersion = 15.0.28307.572
MinimumVisualStudioVersion = 10.0.40219.1
Project("{FAE04EC0-301F-11D3-BF4B-00C04F79EFBC}") = "ToolRenter.Tests", "ToolRenter.Tests\ToolRenter.Tests.csproj", "{BDB15E8A-66C0-4BCA-84D9-6785D909D441}"
EndProject
Project("{FAE04EC0-301F-11D3-BF4B-00C04F79EFBC}") = "ToolRenter.WebAPI", "ToolRenter.WebAPI\ToolRenter.WebAPI.csproj", "{2B26393A-3819-4737-8FCD-A29D6F59F0D7}"
EndProject
Project("{FAE04EC0-301F-11D3-BF4B-00C04F79EFBC}") = "ToolRenter.Data", "Data\ToolRenter.Data.csproj", "{4EBE5C9B-08B7-4902-81F1-4728354D6C5C}"
EndProject
Project("{FAE04EC0-301F-11D3-BF4B-00C04F79EFBC}") = "ToolRenter.Models", "Models\ToolRenter.Models.csproj", "{42F9B70B-B742-44EC-BA37-E96D05A32200}"
EndProject
Project("{FAE04EC0-301F-11D3-BF4B-00C04F79EFBC}") = "ToolRenter.Services", "Services\ToolRenter.Services.csproj", "{E8096D1C-6685-4C1C-9792-C7BFE502ECA4}"
EndProject
Global
	GlobalSection(SolutionConfigurationPlatforms) = preSolution
		Debug|Any CPU = Debug|Any CPU
		Release|Any CPU = Release|Any CPU
	EndGlobalSection
	GlobalSection(ProjectConfigurationPlatforms) = postSolution
		{BDB15E8A-66C0-4BCA-84D9-6785D909D441}.Debug|Any CPU.ActiveCfg = Debug|Any CPU
		{BDB15E8A-66C0-4BCA-84D9-6785D909D441}.Debug|Any CPU.Build.0 = Debug|Any CPU
		{BDB15E8A-66C0-4BCA-84D9-6785D909D441}.Release|Any CPU.ActiveCfg = Release|Any CPU
		{BDB15E8A-66C0-4BCA-84D9-6785D909D441}.Release|Any CPU.Build.0 = Release|Any CPU
		{2B26393A-3819-4737-8FCD-A29D6F59F0D7}.Debug|Any CPU.ActiveCfg = Debug|Any CPU
		{2B26393A-3819-4737-8FCD-A29D6F59F0D7}.Debug|Any CPU.Build.0 = Debug|Any CPU
		{2B26393A-3819-4737-8FCD-A29D6F59F0D7}.Release|Any CPU.ActiveCfg = Release|Any CPU
		{2B26393A-3819-4737-8FCD-A29D6F59F0D7}.Release|Any CPU.Build.0 = Release|Any CPU
		{4EBE5C9B-08B7-4902-81F1-4728354D6C5C}.Debug|Any CPU.ActiveCfg = Debug|Any CPU
		{4EBE5C9B-08B7-4902-81F1-4728354D6C5C}.Debug|Any CPU.Build.0 = Debug|Any CPU
		{4EBE5C9B-08B7-4902-81F1-4728354D6C5C}.Release|Any CPU.ActiveCfg = Release|Any CPU
		{4EBE5C9B-08B7-4902-81F1-4728354D6C5C}.Release|Any CPU.Build.0 = Release|Any CPU
		{42F9B70B-B742-44EC-BA37-E96D05A32200}.Debug|Any CPU.ActiveCfg = Debug|Any CPU
		{42F9B70B-B742-44EC-BA37-E96D05A32200}.Debug|Any CPU.Build.0 = Debug|Any CPU
		{42F9B70B-B742-44EC-BA37-E96D05A32200}.Release|Any CPU.ActiveCfg = Release|Any CPU
		{42F9B70B-B742-44EC-BA37-E96D05A32200}.Release|Any CPU.Build.0 = Release|Any CPU
		{E8096D1C-6685-4C1C-9792-C7BFE502ECA4}.Debug|Any CPU.ActiveCfg = Debug|Any CPU
		{E8096D1C-6685-4C1C-9792-C7BFE502ECA4}.Debug|Any CPU.Build.0 = Debug|Any CPU
		{E8096D1C-6685-4C1C-9792-C7BFE502ECA4}.Release|Any CPU.ActiveCfg = Release|Any CPU
		{E8096D1C-6685-4C1C-9792-C7BFE502ECA4}.Release|Any CPU.Build.0 = Release|Any CPU
	EndGlobalSection
	GlobalSection(SolutionProperties) = preSolution
		HideSolutionNode = FALSE
	EndGlobalSection
	GlobalSection(ExtensibilityGlobals) = postSolution
		SolutionGuid = {D6689836-801C-42C9-9C6F-6B8083F9A167}
	EndGlobalSection
EndGlobal
